
Microsoft Visual Studio Solution File, Format Version 9.00
# Visual Basic Express 2005
Project("{F184B08F-C81C-45F6-A57F-5ABD9991F28F}") = "I2CExample", "I2CExample\I2CExample.vbproj", "{B746E852-1525-4859-BB91-260FCF601C87}"
EndProject
Global
	GlobalSection(SolutionConfigurationPlatforms) = preSolution
		Debug|Any CPU = Debug|Any CPU
		Release|Any CPU = Release|Any CPU
	EndGlobalSection
	GlobalSection(ProjectConfigurationPlatforms) = postSolution
		{B746E852-1525-4859-BB91-260FCF601C87}.Debug|Any CPU.ActiveCfg = Debug|Any CPU
		{B746E852-1525-4859-BB91-260FCF601C87}.Debug|Any CPU.Build.0 = Debug|Any CPU
		{B746E852-1525-4859-BB91-260FCF601C87}.Release|Any CPU.ActiveCfg = Release|Any CPU
		{B746E852-1525-4859-BB91-260FCF601C87}.Release|Any CPU.Build.0 = Release|Any CPU
	EndGlobalSection
	GlobalSection(SolutionProperties) = preSolution
		HideSolutionNode = FALSE
	EndGlobalSection
EndGlobal
